{
    "name": "@ksrt12/node-red-yandex-alice-command",
    "version": "2.1.0",
    "lockfileVersion": 3,
    "requires": true,
    "packages": {
        "": {
            "name": "@ksrt12/node-red-yandex-alice-command",
            "version": "2.1.0",
            "license": "GPL-3.0",
            "engines": {
                "node": ">=18.0.0"
            }
        }
    }
}
